
Microsoft Visual Studio Solution File, Format Version 12.00
# Visual Studio Version 17
VisualStudioVersion = 17.2.32630.192
MinimumVisualStudioVersion = 10.0.40219.1
Project("{9A19103F-16F7-4668-BE54-9A1E7A4F7556}") = "BulkyBookWeb", "BulkyBookWeb\BulkyBookWeb.csproj", "{F1C2F00C-8174-41BC-9F1E-365B5FD8E56C}"
EndProject
Project("{9A19103F-16F7-4668-BE54-9A1E7A4F7556}") = "BulkyBook.DataAccess", "BulkyBook.DataAccess\BulkyBook.DataAccess.csproj", "{5D2A35CC-71C0-4B79-9CEC-7A787E575DEF}"
EndProject
Project("{9A19103F-16F7-4668-BE54-9A1E7A4F7556}") = "BulkyBook.Models", "BulkyBook.Models\BulkyBook.Models.csproj", "{B895C6DD-4729-4CCB-8C54-019C3BCE008B}"
EndProject
Project("{9A19103F-16F7-4668-BE54-9A1E7A4F7556}") = "BulkyBook.Utility", "BulkyBook.Utility\BulkyBook.Utility.csproj", "{25D4E6FA-F6A6-469F-8532-684FA9B226C1}"
EndProject
Project("{2150E333-8FDC-42A3-9474-1A3956D46DE8}") = "Solution Items", "Solution Items", "{7D56BB4E-CD9C-4201-AB00-B4C144AD8396}"
	ProjectSection(SolutionItems) = preProject
		.editorconfig = .editorconfig
	EndProjectSection
EndProject
Global
	GlobalSection(SolutionConfigurationPlatforms) = preSolution
		Debug|Any CPU = Debug|Any CPU
		Release|Any CPU = Release|Any CPU
	EndGlobalSection
	GlobalSection(ProjectConfigurationPlatforms) = postSolution
		{F1C2F00C-8174-41BC-9F1E-365B5FD8E56C}.Debug|Any CPU.ActiveCfg = Debug|Any CPU
		{F1C2F00C-8174-41BC-9F1E-365B5FD8E56C}.Debug|Any CPU.Build.0 = Debug|Any CPU
		{F1C2F00C-8174-41BC-9F1E-365B5FD8E56C}.Release|Any CPU.ActiveCfg = Release|Any CPU
		{F1C2F00C-8174-41BC-9F1E-365B5FD8E56C}.Release|Any CPU.Build.0 = Release|Any CPU
		{5D2A35CC-71C0-4B79-9CEC-7A787E575DEF}.Debug|Any CPU.ActiveCfg = Debug|Any CPU
		{5D2A35CC-71C0-4B79-9CEC-7A787E575DEF}.Debug|Any CPU.Build.0 = Debug|Any CPU
		{5D2A35CC-71C0-4B79-9CEC-7A787E575DEF}.Release|Any CPU.ActiveCfg = Release|Any CPU
		{5D2A35CC-71C0-4B79-9CEC-7A787E575DEF}.Release|Any CPU.Build.0 = Release|Any CPU
		{B895C6DD-4729-4CCB-8C54-019C3BCE008B}.Debug|Any CPU.ActiveCfg = Debug|Any CPU
		{B895C6DD-4729-4CCB-8C54-019C3BCE008B}.Debug|Any CPU.Build.0 = Debug|Any CPU
		{B895C6DD-4729-4CCB-8C54-019C3BCE008B}.Release|Any CPU.ActiveCfg = Release|Any CPU
		{B895C6DD-4729-4CCB-8C54-019C3BCE008B}.Release|Any CPU.Build.0 = Release|Any CPU
		{25D4E6FA-F6A6-469F-8532-684FA9B226C1}.Debug|Any CPU.ActiveCfg = Debug|Any CPU
		{25D4E6FA-F6A6-469F-8532-684FA9B226C1}.Debug|Any CPU.Build.0 = Debug|Any CPU
		{25D4E6FA-F6A6-469F-8532-684FA9B226C1}.Release|Any CPU.ActiveCfg = Release|Any CPU
		{25D4E6FA-F6A6-469F-8532-684FA9B226C1}.Release|Any CPU.Build.0 = Release|Any CPU
	EndGlobalSection
	GlobalSection(SolutionProperties) = preSolution
		HideSolutionNode = FALSE
	EndGlobalSection
	GlobalSection(ExtensibilityGlobals) = postSolution
		SolutionGuid = {41F61BA2-0537-4E14-A9EA-9BBEBE518081}
	EndGlobalSection
EndGlobal
